{
    "hash": "07999498e1d65475f669c1d907940864",
    "packages": [
        {
            "package": "doctrine/common",
            "version": "2.3.x-dev",
            "source-reference": "bb0aebbf234db52df476a2b473d434745b34221c",
            "commit-date": "1348120518"
        },
        {
            "package": "doctrine/data-fixtures",
            "version": "dev-master",
            "source-reference": "b29bad9738fada9486961f60542f2d2d77c7b501",
            "commit-date": "1348136794"
        },
        {
            "package": "doctrine/dbal",
            "version": "2.3.x-dev",
            "source-reference": "fdc866a37959e43620e4f7ec519dc7dd8e30fc5b",
            "commit-date": "1348120597"
        },
        {
            "package": "doctrine/doctrine-bundle",
            "version": "dev-master",
            "alias-pretty-version": "1.0.x-dev",
            "alias-version": "1.0.9999999.9999999-dev"
        },
        {
            "package": "doctrine/doctrine-bundle",
            "version": "dev-master",
            "source-reference": "db818ceec46d05fed4f944b957f82a4ab5197e27",
            "commit-date": "1348828243"
        },
        {
            "package": "doctrine/doctrine-fixtures-bundle",
            "version": "dev-master",
            "source-reference": "186d605aa6b592bd577e07e0e9a2c420b02b2492",
            "commit-date": "1345465418"
        },
        {
            "package": "doctrine/mongodb",
            "version": "1.0.0-BETA1"
        },
        {
            "package": "doctrine/mongodb-odm",
            "version": "1.0.0-BETA5"
        },
        {
            "package": "doctrine/mongodb-odm-bundle",
            "version": "v3.0.0-BETA1"
        },
        {
            "package": "doctrine/orm",
            "version": "2.3.x-dev",
            "source-reference": "ea2b28857830720460a345c80c6e7d3f6adae93a",
            "commit-date": "1348121015"
        },
        {
            "package": "gedmo/doctrine-extensions",
            "version": "dev-master",
            "alias-pretty-version": "2.3.x-dev",
            "alias-version": "2.3.9999999.9999999-dev"
        },
        {
            "package": "gedmo/doctrine-extensions",
            "version": "dev-master",
            "source-reference": "4a68552b1b013c91068ec8af1321e8272739aa57",
            "commit-date": "1348958981"
        },
        {
            "package": "jms/aop-bundle",
            "version": "1.0.0"
        },
        {
            "package": "jms/cg",
            "version": "1.0.0"
        },
        {
            "package": "jms/di-extra-bundle",
            "version": "1.1.x-dev",
            "source-reference": "1.1.1",
            "commit-date": "1348217792"
        },
        {
            "package": "jms/metadata",
            "version": "1.1.1"
        },
        {
            "package": "jms/security-extra-bundle",
            "version": "1.2.x-dev",
            "source-reference": "9ab6aceda50fc7a2b07d741ba4b3f0695508afcb",
            "commit-date": "1346947943"
        },
        {
            "package": "kriswallsmith/assetic",
            "version": "dev-master",
            "alias-pretty-version": "1.1.x-dev",
            "alias-version": "1.1.9999999.9999999-dev"
        },
        {
            "package": "kriswallsmith/assetic",
            "version": "dev-master",
            "source-reference": "e22c5e07e672bb0cf43127e97e9368b53abf4aa8",
            "commit-date": "1349004759"
        },
        {
            "package": "monolog/monolog",
            "version": "dev-master",
            "alias-pretty-version": "1.3.x-dev",
            "alias-version": "1.3.9999999.9999999-dev"
        },
        {
            "package": "monolog/monolog",
            "version": "dev-master",
            "source-reference": "09b3a80cfaf3e323e348a5e817afeee98d5e6b48",
            "commit-date": "1347983448"
        },
        {
            "package": "sensio/distribution-bundle",
            "version": "dev-master",
            "alias-pretty-version": "2.2.x-dev",
            "alias-version": "2.2.9999999.9999999-dev"
        },
        {
            "package": "sensio/distribution-bundle",
            "version": "dev-master",
            "source-reference": "4e86595e02c6e3d76971f790d7c06ec434e1b513",
            "commit-date": "1347635342"
        },
        {
            "package": "sensio/framework-extra-bundle",
            "version": "dev-master",
            "alias-pretty-version": "2.2.x-dev",
            "alias-version": "2.2.9999999.9999999-dev"
        },
        {
            "package": "sensio/framework-extra-bundle",
            "version": "dev-master",
            "source-reference": "03e32da3fd1bb37e4c6f3c77f1b4cb8a3a78e0a8",
            "commit-date": "1347340790"
        },
        {
            "package": "sensio/generator-bundle",
            "version": "dev-master",
            "alias-pretty-version": "2.2.x-dev",
            "alias-version": "2.2.9999999.9999999-dev"
        },
        {
            "package": "sensio/generator-bundle",
            "version": "dev-master",
            "source-reference": "f5bda1014f5f124a0fd881644664493e36a09ad0",
            "commit-date": "1348070473"
        },
        {
            "package": "stof/doctrine-extensions-bundle",
            "version": "dev-master",
            "source-reference": "0247e6f1658d76292c8ffe2c5106090bd36bd799",
            "commit-date": "1346283670"
        },
        {
            "package": "swiftmailer/swiftmailer",
            "version": "dev-master",
            "alias-pretty-version": "4.2.x-dev",
            "alias-version": "4.2.9999999.9999999-dev"
        },
        {
            "package": "swiftmailer/swiftmailer",
            "version": "dev-master",
            "source-reference": "1a987b45ea8dcbbe9680499800c67fc97a2d07f6",
            "commit-date": "1348747908"
        },
        {
            "package": "symfony/assetic-bundle",
            "version": "dev-master",
            "alias-pretty-version": "2.1.x-dev",
            "alias-version": "2.1.9999999.9999999-dev"
        },
        {
            "package": "symfony/assetic-bundle",
            "version": "dev-master",
            "source-reference": "5ebcf72d9b2d7028ca8c9b71b464ccc81d4795d2",
            "commit-date": "1348938560"
        },
        {
            "package": "symfony/monolog-bundle",
            "version": "dev-master",
            "alias-pretty-version": "2.1.x-dev",
            "alias-version": "2.1.9999999.9999999-dev"
        },
        {
            "package": "symfony/monolog-bundle",
            "version": "dev-master",
            "source-reference": "51517152a608926ee6b40ed8cfbba1a708f0a14f",
            "commit-date": "1348137624"
        },
        {
            "package": "symfony/swiftmailer-bundle",
            "version": "dev-master",
            "alias-pretty-version": "2.1.x-dev",
            "alias-version": "2.1.9999999.9999999-dev"
        },
        {
            "package": "symfony/swiftmailer-bundle",
            "version": "dev-master",
            "source-reference": "e055faf5d7279f3c01ffd58f1548e0fc524b71d1",
            "commit-date": "1348137776"
        },
        {
            "package": "symfony/symfony",
            "version": "dev-master",
            "alias-pretty-version": "2.1.x-dev",
            "alias-version": "2.1.9999999.9999999-dev"
        },
        {
            "package": "symfony/symfony",
            "version": "dev-master",
            "alias-pretty-version": "2.2.x-dev",
            "alias-version": "2.2.9999999.9999999-dev"
        },
        {
            "package": "symfony/symfony",
            "version": "dev-master",
            "source-reference": "7a661d5a601ded41bb65e67f394835b4191fde43",
            "commit-date": "1349048865"
        },
        {
            "package": "twig/extensions",
            "version": "dev-master",
            "alias-pretty-version": "1.0.x-dev",
            "alias-version": "1.0.9999999.9999999-dev"
        },
        {
            "package": "twig/extensions",
            "version": "dev-master",
            "source-reference": "f904575642b1213db69b4a98f08397e722ba1cae",
            "commit-date": "1346770278"
        },
        {
            "package": "twig/twig",
            "version": "dev-master",
            "alias-pretty-version": "1.10.x-dev",
            "alias-version": "1.10.9999999.9999999-dev"
        },
        {
            "package": "twig/twig",
            "version": "dev-master",
            "source-reference": "120cde3fa54c31047edf1cd003752ca119dec9a8",
            "commit-date": "1348936415"
        }
    ],
    "packages-dev": null,
    "aliases": [

    ],
    "minimum-stability": "dev",
    "stability-flags": {
        "doctrine/doctrine-bundle": 20,
        "twig/extensions": 20,
        "symfony/assetic-bundle": 20,
        "symfony/swiftmailer-bundle": 20,
        "symfony/monolog-bundle": 20,
        "sensio/distribution-bundle": 20,
        "sensio/framework-extra-bundle": 20,
        "sensio/generator-bundle": 20,
        "doctrine/doctrine-fixtures-bundle": 20
    }
}
