{
    "hash": "d7dedc0901f919e860a025d42cde17d6",
    "packages": [
        {
            "name": "doctrine/common",
            "version": "2.3.x-dev",
            "source": {
                "type": "git",
                "url": "https://github.com/doctrine/common",
                "reference": "bb0aebbf234db52df476a2b473d434745b34221c"
            },
            "dist": {
                "type": "zip",
                "url": "https://github.com/doctrine/common/archive/bb0aebbf234db52df476a2b473d434745b34221c.zip",
                "reference": "bb0aebbf234db52df476a2b473d434745b34221c",
                "shasum": ""
            },
            "require": {
                "php": ">=5.3.2"
            },
            "time": "2012-09-20 05:55:18",
            "type": "library",
            "extra": {
                "branch-alias": {
                    "dev-master": "2.3.x-dev"
                }
            },
            "autoload": {
                "psr-0": {
                    "Doctrine\\Common": "lib/"
                }
            },
            "notification-url": "https://packagist.org/downloads/",
            "license": [
                "MIT"
            ],
            "authors": [
                {
                    "name": "Jonathan Wage",
                    "email": "jonwage@gmail.com",
                    "homepage": "http://www.jwage.com/"
                },
                {
                    "name": "Guilherme Blanco",
                    "email": "guilhermeblanco@gmail.com",
                    "homepage": "http://www.instaclick.com"
                },
                {
                    "name": "Roman Borschel",
                    "email": "roman@code-factory.org"
                },
                {
                    "name": "Benjamin Eberlei",
                    "email": "kontakt@beberlei.de"
                },
                {
                    "name": "Johannes Schmitt",
                    "email": "schmittjoh@gmail.com",
                    "homepage": "https://github.com/schmittjoh",
                    "role": "Developer of wrapped JMSSerializerBundle"
                }
            ],
            "description": "Common Library for Doctrine projects",
            "homepage": "http://www.doctrine-project.org",
            "keywords": [
                "collections",
                "spl",
                "eventmanager",
                "annotations",
                "persistence"
            ]
        },
        {
            "name": "symfony/symfony",
            "version": "v2.1.6",
            "source": {
                "type": "git",
                "url": "git://github.com/symfony/symfony.git",
                "reference": "v2.1.6"
            },
            "dist": {
                "type": "zip",
                "url": "https://github.com/symfony/symfony/archive/v2.1.6.zip",
                "reference": "v2.1.6",
                "shasum": ""
            },
            "require": {
                "php": ">=5.3.3",
                "doctrine/common": ">2.2,<2.4-dev",
                "twig/twig": ">=1.9.1,<2.0-dev"
            },
            "replace": {
                "symfony/doctrine-bridge": "self.version",
                "symfony/monolog-bridge": "self.version",
                "symfony/propel1-bridge": "self.version",
                "symfony/swiftmailer-bridge": "self.version",
                "symfony/twig-bridge": "self.version",
                "symfony/framework-bundle": "self.version",
                "symfony/security-bundle": "self.version",
                "symfony/twig-bundle": "self.version",
                "symfony/web-profiler-bundle": "self.version",
                "symfony/browser-kit": "self.version",
                "symfony/class-loader": "self.version",
                "symfony/config": "self.version",
                "symfony/console": "self.version",
                "symfony/css-selector": "self.version",
                "symfony/dependency-injection": "self.version",
                "symfony/dom-crawler": "self.version",
                "symfony/event-dispatcher": "self.version",
                "symfony/filesystem": "self.version",
                "symfony/finder": "self.version",
                "symfony/form": "self.version",
                "symfony/http-foundation": "self.version",
                "symfony/http-kernel": "self.version",
                "symfony/locale": "self.version",
                "symfony/options-resolver": "self.version",
                "symfony/process": "self.version",
                "symfony/routing": "self.version",
                "symfony/security": "self.version",
                "symfony/serializer": "self.version",
                "symfony/templating": "self.version",
                "symfony/translation": "self.version",
                "symfony/validator": "self.version",
                "symfony/yaml": "self.version"
            },
            "require-dev": {
                "doctrine/dbal": ">=2.2,<2.4-dev",
                "doctrine/orm": ">=2.2.3,<2.4-dev",
                "doctrine/data-fixtures": "1.0.*",
                "propel/propel1": "dev-master",
                "monolog/monolog": "1.*"
            },
            "time": "2012-12-21 10:24:53",
            "type": "library",
            "autoload": {
                "psr-0": {
                    "Symfony": "src/",
                    "SessionHandlerInterface": "src/Symfony/Component/HttpFoundation/Resources/stubs"
                }
            },
            "notification-url": "https://packagist.org/downloads/",
            "license": [
                "MIT"
            ],
            "authors": [
                {
                    "name": "Fabien Potencier",
                    "email": "fabien@symfony.com"
                },
                {
                    "name": "Symfony Community",
                    "homepage": "http://symfony.com/contributors"
                }
            ],
            "description": "The Symfony PHP framework",
            "homepage": "http://symfony.com",
            "keywords": [
                "framework"
            ]
        },
        {
            "name": "twig/twig",
            "version": "dev-master",
            "source": {
                "type": "git",
                "url": "git://github.com/fabpot/Twig.git",
                "reference": "93c6a8dedc46c73ccdd61342de3d5e761e4412f6"
            },
            "dist": {
                "type": "zip",
                "url": "https://github.com/fabpot/Twig/archive/93c6a8dedc46c73ccdd61342de3d5e761e4412f6.zip",
                "reference": "93c6a8dedc46c73ccdd61342de3d5e761e4412f6",
                "shasum": ""
            },
            "require": {
                "php": ">=5.2.4"
            },
            "time": "2013-01-18 09:58:04",
            "type": "library",
            "extra": {
                "branch-alias": {
                    "dev-master": "1.12-dev"
                }
            },
            "autoload": {
                "psr-0": {
                    "Twig_": "lib/"
                }
            },
            "notification-url": "https://packagist.org/downloads/",
            "license": [
                "BSD-3"
            ],
            "authors": [
                {
                    "name": "Fabien Potencier",
                    "email": "fabien@symfony.com"
                },
                {
                    "name": "Armin Ronacher",
                    "email": "armin.ronacher@active-4.com"
                }
            ],
            "description": "Twig, the flexible, fast, and secure template language for PHP",
            "homepage": "http://twig.sensiolabs.org",
            "keywords": [
                "templating"
            ]
        }
    ],
    "packages-dev": null,
    "aliases": [

    ],
    "minimum-stability": "dev",
    "stability-flags": [

    ]
}
