{
    "hash": "4cb878c45508f12f774b4be31bb52493",
    "packages": [
        {
            "package": "doctrine/common",
            "version": "2.3.x-dev",
            "source-reference": "2ec4bc6db13db6a0976a16b71058083c55cbcdbd",
            "commit-date": "1343847076"
        },
        {
            "package": "doctrine/dbal",
            "version": "2.3.x-dev",
            "source-reference": "86b10e7eda2eed1d9a07a580a40e14cea8e1733a",
            "commit-date": "1343559046"
        },
        {
            "package": "doctrine/doctrine-bundle",
            "version": "dev-master",
            "source-reference": "4d9bb0f3af470556983eb41a7d19ede23401ef0b",
            "commit-date": "1344549563"
        },
        {
            "package": "doctrine/mongodb",
            "version": "1.0.0-BETA1"
        },
        {
            "package": "doctrine/mongodb-odm",
            "version": "1.0.0-BETA5"
        },
        {
            "package": "doctrine/mongodb-odm-bundle",
            "version": "v3.0.0-BETA1"
        },
        {
            "package": "doctrine/orm",
            "version": "2.3.x-dev",
            "source-reference": "17862d9a2a38bf801e564d09a26eea8503621ae0",
            "commit-date": "1343850025"
        },
        {
            "package": "gedmo/doctrine-extensions",
            "version": "dev-master",
            "alias-pretty-version": "2.3.x-dev",
            "alias-version": "2.3.9999999.9999999-dev"
        },
        {
            "package": "gedmo/doctrine-extensions",
            "version": "dev-master",
            "source-reference": "9bb455ba52d223a47323f4c5832635ccc328f630",
            "commit-date": "1344437232"
        },
        {
            "package": "jms/aop-bundle",
            "version": "1.0.0"
        },
        {
            "package": "jms/cg",
            "version": "1.0.0"
        },
        {
            "package": "jms/di-extra-bundle",
            "version": "dev-master",
            "alias-pretty-version": "1.1.x-dev",
            "alias-version": "1.1.9999999.9999999-dev"
        },
        {
            "package": "jms/di-extra-bundle",
            "version": "dev-master",
            "source-reference": "912519a3dafc6318c781bd00a9ef7ff790b2c321",
            "commit-date": "1343737883"
        },
        {
            "package": "jms/metadata",
            "version": "1.1.1"
        },
        {
            "package": "jms/security-extra-bundle",
            "version": "dev-master",
            "alias-pretty-version": "1.2.x-dev",
            "alias-version": "1.2.9999999.9999999-dev"
        },
        {
            "package": "jms/security-extra-bundle",
            "version": "dev-master",
            "source-reference": "d65a3a9ff17892beea778e376c82bc420b77eb4e",
            "commit-date": "1344175596"
        },
        {
            "package": "kriswallsmith/assetic",
            "version": "dev-master",
            "alias-pretty-version": "1.1.x-dev",
            "alias-version": "1.1.9999999.9999999-dev"
        },
        {
            "package": "kriswallsmith/assetic",
            "version": "dev-master",
            "source-reference": "d1d5066d9071a76d771993081ee23137e96216b7",
            "commit-date": "1344507381"
        },
        {
            "package": "monolog/monolog",
            "version": "1.1.0"
        },
        {
            "package": "sensio/distribution-bundle",
            "version": "dev-master",
            "source-reference": "57190e5baa0cc1d8ef6095ce57e6719a5eae2b79",
            "commit-date": "1344240835"
        },
        {
            "package": "sensio/framework-extra-bundle",
            "version": "dev-master",
            "source-reference": "ade2d53b20a9fc3428f04c863b3fd4fca0b62181",
            "commit-date": "1344072374"
        },
        {
            "package": "sensio/generator-bundle",
            "version": "dev-master",
            "source-reference": "d8fc1666f3cdb403f1b2d4320c45ddd6adbdf6a5",
            "commit-date": "1343980150"
        },
        {
            "package": "stof/doctrine-extensions-bundle",
            "version": "dev-master",
            "source-reference": "f31a0861de08b6594f09430a4cbaf0618e5e11ad",
            "commit-date": "1343029923"
        },
        {
            "package": "swiftmailer/swiftmailer",
            "version": "dev-master",
            "alias-pretty-version": "4.2.x-dev",
            "alias-version": "4.2.9999999.9999999-dev"
        },
        {
            "package": "swiftmailer/swiftmailer",
            "version": "dev-master",
            "source-reference": "19045c3692f6f6ddb4abc5ebfaf3f86f1c57d265",
            "commit-date": "1343980916"
        },
        {
            "package": "symfony/assetic-bundle",
            "version": "dev-master",
            "source-reference": "ec3a65d3eab342af9e93a3c21af0ac7b78e01c17",
            "commit-date": "1344507386"
        },
        {
            "package": "symfony/monolog-bundle",
            "version": "dev-master",
            "source-reference": "v2.1.0-BETA4",
            "commit-date": "1341078487"
        },
        {
            "package": "symfony/swiftmailer-bundle",
            "version": "dev-master",
            "source-reference": "v2.1.0-RC1",
            "commit-date": "1342684512"
        },
        {
            "package": "symfony/symfony",
            "version": "dev-master",
            "alias-pretty-version": "2.1.x-dev",
            "alias-version": "2.1.9999999.9999999-dev"
        },
        {
            "package": "symfony/symfony",
            "version": "dev-master",
            "source-reference": "31536c36ec8875aee1406aa7d7a0b5e38a04af66",
            "commit-date": "1344599303"
        },
        {
            "package": "twig/extensions",
            "version": "dev-master",
            "source-reference": "feb6d3f10c411e2631997c0a905aa581c80305c1",
            "commit-date": "1337599699"
        },
        {
            "package": "twig/twig",
            "version": "dev-master",
            "alias-pretty-version": "1.9.x-dev",
            "alias-version": "1.9.9999999.9999999-dev"
        },
        {
            "package": "twig/twig",
            "version": "dev-master",
            "source-reference": "f2f698c820d4396f519ef4175ad6fe79fcfb9ecf",
            "commit-date": "1344328685"
        }
    ],
    "packages-dev": null,
    "aliases": [

    ],
    "minimum-stability": "dev",
    "stability-flags": {
        "doctrine/doctrine-bundle": 20,
        "twig/extensions": 20,
        "symfony/assetic-bundle": 20,
        "symfony/swiftmailer-bundle": 20,
        "symfony/monolog-bundle": 20,
        "sensio/distribution-bundle": 20,
        "sensio/framework-extra-bundle": 20,
        "sensio/generator-bundle": 20
    }
}
