{
    "laminas/laminas-diactoros": {
        "version": "2.5.0"
    },
    "mcustiel/phiremock-client": {
        "version": "v1.1.2"
    },
    "mcustiel/phiremock-common": {
        "version": "v1.0.3"
    },
    "mcustiel/phiremock-server": {
        "version": "v1.1.2"
    },
    "nikic/fast-route": {
        "version": "v1.3.0"
    },
    "nikic/php-parser": {
        "version": "v4.10.4"
    },
    "phpunit/php-invoker": {
        "version": "3.1.1"
    },
    "psr/http-client": {
        "version": "1.0.1"
    },
    "sebastian/cli-parser": {
        "version": "1.0.1"
    },
    "sebastian/code-unit": {
        "version": "1.0.8"
    },
    "sebastian/complexity": {
        "version": "2.0.2"
    },
    "sebastian/lines-of-code": {
        "version": "1.0.3"
    }
}
