{
    "akeneo/php-coupling-detector": {
        "version": "0.3.1"
    },
    "ass/xmlsecurity": {
        "version": "v1.1.1"
    },
    "aws/aws-sdk-php": {
        "version": "3.112.6"
    },
    "behat/behat": {
        "version": "v3.4.3"
    },
    "behat/gherkin": {
        "version": "v4.5.1"
    },
    "behat/mink": {
        "version": "v1.7.1"
    },
    "behat/mink-browserkit-driver": {
        "version": "1.3.3"
    },
    "behat/mink-extension": {
        "version": "2.3.1"
    },
    "behat/mink-selenium2-driver": {
        "version": "1.3.x-dev"
    },
    "behat/symfony2-extension": {
        "version": "2.1",
        "recipe": {
            "repo": "github.com/symfony/recipes",
            "branch": "master",
            "version": "2.1",
            "ref": "158be9d4b4c2127d9ec741c97e3cb1b6610b5294"
        },
        "files": [
            "behat.yml.dist",
            "config/bootstrap.php",
            "features/bootstrap/FeatureContext.php",
            "features/bootstrap/bootstrap.php",
            "features/demo.feature"
        ]
    },
    "behat/transliterator": {
        "version": "v1.2.0"
    },
    "box/spout": {
        "version": "v2.7.2"
    },
    "composer/semver": {
        "version": "1.5.0"
    },
    "composer/xdebug-handler": {
        "version": "1.3.3"
    },
    "container-interop/container-interop": {
        "version": "1.2.0"
    },
    "doctrine/annotations": {
        "version": "1.0",
        "recipe": {
            "repo": "github.com/symfony/recipes",
            "branch": "master",
            "version": "1.0",
            "ref": "cb4152ebcadbe620ea2261da1a1c5a9b8cea7672"
        },
        "files": [
            "config/routes/annotations.yaml"
        ]
    },
    "doctrine/cache": {
        "version": "v1.8.0"
    },
    "doctrine/collections": {
        "version": "v1.5.0"
    },
    "doctrine/common": {
        "version": "v2.10.0"
    },
    "doctrine/data-fixtures": {
        "version": "v1.3.2"
    },
    "doctrine/dbal": {
        "version": "v2.7.2"
    },
    "doctrine/doctrine-bundle": {
        "version": "1.6",
        "recipe": {
            "repo": "github.com/symfony/recipes",
            "branch": "master",
            "version": "1.6",
            "ref": "5e476e8edf3fa8e7f045ad034f89bb464424f5c1"
        },
        "files": [
            "config/packages/doctrine.yaml",
            "config/packages/prod/doctrine.yaml",
            "src/Entity/.gitignore",
            "src/Repository/.gitignore"
        ]
    },
    "doctrine/doctrine-cache-bundle": {
        "version": "1.3.5"
    },
    "doctrine/doctrine-fixtures-bundle": {
        "version": "3.0",
        "recipe": {
            "repo": "github.com/symfony/recipes",
            "branch": "master",
            "version": "3.0",
            "ref": "fc52d86631a6dfd9fdf3381d0b7e3df2069e51b3"
        },
        "files": [
            "src/DataFixtures/AppFixtures.php"
        ]
    },
    "doctrine/doctrine-migrations-bundle": {
        "version": "1.2",
        "recipe": {
            "repo": "github.com/symfony/recipes",
            "branch": "master",
            "version": "1.2",
            "ref": "c1431086fec31f17fbcfe6d6d7e92059458facc1"
        },
        "files": [
            "config/packages/doctrine_migrations.yaml",
            "src/Migrations/.gitignore"
        ]
    },
    "doctrine/event-manager": {
        "version": "v1.0.0"
    },
    "doctrine/inflector": {
        "version": "v1.3.0"
    },
    "doctrine/instantiator": {
        "version": "1.1.0"
    },
    "doctrine/lexer": {
        "version": "1.1.0"
    },
    "doctrine/migrations": {
        "version": "v1.8.1"
    },
    "doctrine/orm": {
        "version": "v2.6.3"
    },
    "doctrine/persistence": {
        "version": "v1.1.0"
    },
    "doctrine/reflection": {
        "version": "v1.0.0"
    },
    "dompdf/dompdf": {
        "version": "v0.6.2"
    },
    "egulias/email-validator": {
        "version": "2.1.11"
    },
    "elasticsearch/elasticsearch": {
        "version": "v7.2.2"
    },
    "friends-of-behat/symfony-extension": {
        "version": "2.0",
        "recipe": {
            "repo": "github.com/symfony/recipes-contrib",
            "branch": "master",
            "version": "2.0",
            "ref": "3d21344765fd3440a85bdd27d4cada186ec628bd"
        }
    },
    "friendsofphp/php-cs-fixer": {
        "version": "2.2",
        "recipe": {
            "repo": "github.com/symfony/recipes",
            "branch": "master",
            "version": "2.2",
            "ref": "cc05ab6abf6894bddb9bbd6a252459010ebe040b"
        },
        "files": [
            ".php_cs.dist"
        ]
    },
    "friendsofsymfony/jsrouting-bundle": {
        "version": "2.0",
        "recipe": {
            "repo": "github.com/symfony/recipes-contrib",
            "branch": "master",
            "version": "2.0",
            "ref": "370bcf99b04c0dfd0b545745aad622d757af5e1b"
        }
    },
    "friendsofsymfony/oauth-server-bundle": {
        "version": "1.6.2"
    },
    "friendsofsymfony/oauth2-php": {
        "version": "1.2.3"
    },
    "friendsofsymfony/rest-bundle": {
        "version": "2.2",
        "recipe": {
            "repo": "github.com/symfony/recipes-contrib",
            "branch": "master",
            "version": "2.2",
            "ref": "cad41ef93d6150067ae2bb3c7fd729492dff6f0a"
        }
    },
    "gedmo/doctrine-extensions": {
        "version": "v2.4.37"
    },
    "guzzlehttp/guzzle": {
        "version": "6.3.3"
    },
    "guzzlehttp/promises": {
        "version": "v1.3.1"
    },
    "guzzlehttp/psr7": {
        "version": "1.6.1"
    },
    "guzzlehttp/ringphp": {
        "version": "1.1.1"
    },
    "guzzlehttp/streams": {
        "version": "3.0.0"
    },
    "imagine/imagine": {
        "version": "v0.7.1"
    },
    "instaclick/php-webdriver": {
        "version": "1.4.6"
    },
    "jdorn/sql-formatter": {
        "version": "v1.2.17"
    },
    "jean85/pretty-package-versions": {
        "version": "1.2"
    },
    "league/flysystem": {
        "version": "1.0.40"
    },
    "league/flysystem-aws-s3-v3": {
        "version": "1.0.23"
    },
    "league/flysystem-ziparchive": {
        "version": "1.0.3"
    },
    "liip/imagine-bundle": {
        "version": "1.8",
        "recipe": {
            "repo": "github.com/symfony/recipes-contrib",
            "branch": "master",
            "version": "1.8",
            "ref": "1d42bc3f713130582e6e0c475c49bc327ab0a2a2"
        }
    },
    "liuggio/fastest": {
        "version": "v1.6.1"
    },
    "monolog/monolog": {
        "version": "1.23.0"
    },
    "mtdowling/jmespath.php": {
        "version": "2.4.0"
    },
    "myclabs/deep-copy": {
        "version": "1.9.3"
    },
    "nette/bootstrap": {
        "version": "v3.0.0"
    },
    "nette/di": {
        "version": "v3.0.1"
    },
    "nette/finder": {
        "version": "v2.5.1"
    },
    "nette/neon": {
        "version": "v3.0.0"
    },
    "nette/php-generator": {
        "version": "v3.2.3"
    },
    "nette/robot-loader": {
        "version": "v3.2.0"
    },
    "nette/schema": {
        "version": "v1.0.0"
    },
    "nette/utils": {
        "version": "v3.0.1"
    },
    "nikic/php-parser": {
        "version": "v4.2.4"
    },
    "ocramius/proxy-manager": {
        "version": "2.1.1"
    },
    "oneup/flysystem-bundle": {
        "version": "3.0",
        "recipe": {
            "repo": "github.com/symfony/recipes-contrib",
            "branch": "master",
            "version": "3.0",
            "ref": "0eb87bba411c227da027fe5f7c1dc7954b02f242"
        }
    },
    "paragonie/random_compat": {
        "version": "v2.0.18"
    },
    "phar-io/manifest": {
        "version": "1.0.3"
    },
    "phar-io/version": {
        "version": "2.0.1"
    },
    "phenx/php-font-lib": {
        "version": "0.2.2"
    },
    "phenx/php-svg-lib": {
        "version": "v0.3.3"
    },
    "php": {
        "version": "7.3"
    },
    "php-cs-fixer/diff": {
        "version": "v1.3.0"
    },
    "phpdocumentor/reflection-common": {
        "version": "2.0.0"
    },
    "phpdocumentor/reflection-docblock": {
        "version": "4.3.2"
    },
    "phpdocumentor/type-resolver": {
        "version": "1.0.1"
    },
    "phpspec/php-diff": {
        "version": "v1.1.0"
    },
    "phpspec/phpspec": {
        "version": "5.1.1"
    },
    "phpspec/prophecy": {
        "version": "1.8.1"
    },
    "phpstan/phpdoc-parser": {
        "version": "0.3.5"
    },
    "phpstan/phpstan": {
        "version": "0.11.16"
    },
    "phpstan/phpstan-symfony": {
        "version": "0.11.6"
    },
    "phpunit/php-code-coverage": {
        "version": "7.0.8"
    },
    "phpunit/php-file-iterator": {
        "version": "2.0.2"
    },
    "phpunit/php-text-template": {
        "version": "1.2.1"
    },
    "phpunit/php-timer": {
        "version": "2.1.2"
    },
    "phpunit/php-token-stream": {
        "version": "3.1.1"
    },
    "phpunit/phpunit": {
        "version": "4.7",
        "recipe": {
            "repo": "github.com/symfony/recipes",
            "branch": "master",
            "version": "4.7",
            "ref": "33b1f53500a7b822985048baf55456aa5281405a"
        },
        "files": [
            ".env.test",
            "phpunit.xml.dist",
            "config/bootstrap.php",
            "tests/.gitignore"
        ]
    },
    "psr/cache": {
        "version": "1.0.1"
    },
    "psr/container": {
        "version": "1.0.0"
    },
    "psr/http-message": {
        "version": "1.0.1"
    },
    "psr/log": {
        "version": "1.1.0"
    },
    "ralouphie/getallheaders": {
        "version": "3.0.3"
    },
    "ramsey/uuid": {
        "version": "3.7.0"
    },
    "react/promise": {
        "version": "v2.7.1"
    },
    "sabberworm/php-css-parser": {
        "version": "8.3.0"
    },
    "sebastian/code-unit-reverse-lookup": {
        "version": "1.0.1"
    },
    "sebastian/comparator": {
        "version": "3.0.2"
    },
    "sebastian/diff": {
        "version": "3.0.2"
    },
    "sebastian/environment": {
        "version": "4.2.2"
    },
    "sebastian/exporter": {
        "version": "3.1.2"
    },
    "sebastian/global-state": {
        "version": "3.0.0"
    },
    "sebastian/object-enumerator": {
        "version": "3.0.3"
    },
    "sebastian/object-reflector": {
        "version": "1.1.1"
    },
    "sebastian/recursion-context": {
        "version": "3.0.0"
    },
    "sebastian/resource-operations": {
        "version": "2.0.1"
    },
    "sebastian/type": {
        "version": "1.1.3"
    },
    "sebastian/version": {
        "version": "2.0.1"
    },
    "sensio/framework-extra-bundle": {
        "version": "5.2",
        "recipe": {
            "repo": "github.com/symfony/recipes",
            "branch": "master",
            "version": "5.2",
            "ref": "fb7e19da7f013d0d422fa9bce16f5c510e27609b"
        },
        "files": [
            "config/packages/sensio_framework_extra.yaml"
        ]
    },
    "sensiolabs/behat-page-object-extension": {
        "version": "v2.1.0"
    },
    "squizlabs/php_codesniffer": {
        "version": "2.9.2"
    },
    "swiftmailer/swiftmailer": {
        "version": "v6.2.1"
    },
    "symfony/acl-bundle": {
        "version": "v1.0.0"
    },
    "symfony/asset": {
        "version": "v4.3.4"
    },
    "symfony/browser-kit": {
        "version": "v4.3.4"
    },
    "symfony/cache": {
        "version": "v4.3.4"
    },
    "symfony/cache-contracts": {
        "version": "v1.1.5"
    },
    "symfony/class-loader": {
        "version": "v3.4.31"
    },
    "symfony/config": {
        "version": "v4.3.4"
    },
    "symfony/console": {
        "version": "3.3",
        "recipe": {
            "repo": "github.com/symfony/recipes",
            "branch": "master",
            "version": "3.3",
            "ref": "482d233eb8de91ebd042992077bbd5838858890c"
        },
        "files": [
            "bin/console",
            "config/bootstrap.php"
        ]
    },
    "symfony/contracts": {
        "version": "v1.1.0"
    },
    "symfony/css-selector": {
        "version": "v3.4.31"
    },
    "symfony/debug": {
        "version": "v4.3.4"
    },
    "symfony/debug-bundle": {
        "version": "4.1",
        "recipe": {
            "repo": "github.com/symfony/recipes",
            "branch": "master",
            "version": "4.1",
            "ref": "f8863cbad2f2e58c4b65fa1eac892ab189971bea"
        },
        "files": [
            "config/packages/dev/debug.yaml"
        ]
    },
    "symfony/dependency-injection": {
        "version": "v4.3.4"
    },
    "symfony/doctrine-bridge": {
        "version": "v4.3.4"
    },
    "symfony/dom-crawler": {
        "version": "v4.3.4"
    },
    "symfony/dotenv": {
        "version": "v4.3.4"
    },
    "symfony/error-handler": {
        "version": "v4.4.0"
    },
    "symfony/event-dispatcher": {
        "version": "v4.3.4"
    },
    "symfony/event-dispatcher-contracts": {
        "version": "v1.1.5"
    },
    "symfony/filesystem": {
        "version": "v4.3.4"
    },
    "symfony/finder": {
        "version": "v4.3.4"
    },
    "symfony/flex": {
        "version": "1.0",
        "recipe": {
            "repo": "github.com/symfony/recipes",
            "branch": "master",
            "version": "1.0",
            "ref": "dc3fc2e0334a4137c47cfd5a3ececc601fa61a0b"
        },
        "files": [
            ".env"
        ]
    },
    "symfony/form": {
        "version": "v4.3.4"
    },
    "symfony/framework-bundle": {
        "version": "4.2",
        "recipe": {
            "repo": "github.com/symfony/recipes",
            "branch": "master",
            "version": "4.2",
            "ref": "61ad963f28c091b8bb9449507654b9c7d8bbb53c"
        },
        "files": [
            "config/bootstrap.php",
            "config/packages/cache.yaml",
            "config/packages/framework.yaml",
            "config/packages/test/framework.yaml",
            "config/services.yaml",
            "public/index.php",
            "src/Controller/.gitignore",
            "src/Kernel.php"
        ]
    },
    "symfony/http-foundation": {
        "version": "v4.3.4"
    },
    "symfony/http-kernel": {
        "version": "v4.3.4"
    },
    "symfony/inflector": {
        "version": "v4.3.4"
    },
    "symfony/intl": {
        "version": "v4.3.4"
    },
    "symfony/lock": {
        "version": "v4.3.5"
    },
    "symfony/mime": {
        "version": "v4.3.4"
    },
    "symfony/monolog-bridge": {
        "version": "v4.3.4"
    },
    "symfony/monolog-bundle": {
        "version": "3.3",
        "recipe": {
            "repo": "github.com/symfony/recipes",
            "branch": "master",
            "version": "3.3",
            "ref": "6240c6d43e8237a32452f057f81816820fd56ab6"
        },
        "files": [
            "config/packages/dev/monolog.yaml",
            "config/packages/prod/monolog.yaml",
            "config/packages/test/monolog.yaml"
        ]
    },
    "symfony/options-resolver": {
        "version": "v4.3.4"
    },
    "symfony/orm-pack": {
        "version": "v1.0.6"
    },
    "symfony/polyfill-apcu": {
        "version": "v1.4.0"
    },
    "symfony/polyfill-ctype": {
        "version": "v1.12.0"
    },
    "symfony/polyfill-iconv": {
        "version": "v1.12.0"
    },
    "symfony/polyfill-intl-icu": {
        "version": "v1.12.0"
    },
    "symfony/polyfill-intl-idn": {
        "version": "v1.12.0"
    },
    "symfony/polyfill-mbstring": {
        "version": "v1.12.0"
    },
    "symfony/polyfill-php70": {
        "version": "v1.12.0"
    },
    "symfony/polyfill-php72": {
        "version": "v1.12.0"
    },
    "symfony/polyfill-php73": {
        "version": "v1.12.0"
    },
    "symfony/process": {
        "version": "v4.3.4"
    },
    "symfony/property-access": {
        "version": "v4.3.4"
    },
    "symfony/proxy-manager-bridge": {
        "version": "v4.3.4"
    },
    "symfony/requirements-checker": {
        "version": "1.0",
        "recipe": {
            "repo": "github.com/symfony/recipes",
            "branch": "master",
            "version": "1.0",
            "ref": "93d0ec48679f5e240d265088305c1ad775723f93"
        }
    },
    "symfony/routing": {
        "version": "4.2",
        "recipe": {
            "repo": "github.com/symfony/recipes",
            "branch": "master",
            "version": "4.2",
            "ref": "4c107a8d23a16b997178fbd4103b8d2f54f688b7"
        },
        "files": [
            "config/packages/dev/routing.yaml",
            "config/packages/routing.yaml",
            "config/packages/test/routing.yaml",
            "config/routes.yaml"
        ]
    },
    "symfony/security-acl": {
        "version": "v3.0.2"
    },
    "symfony/security-bundle": {
        "version": "3.3",
        "recipe": {
            "repo": "github.com/symfony/recipes",
            "branch": "master",
            "version": "3.3",
            "ref": "e5a0228251d1dd2bca4c8ef918e14423c06db625"
        },
        "files": [
            "config/packages/security.yaml"
        ]
    },
    "symfony/security-core": {
        "version": "v4.3.4"
    },
    "symfony/security-csrf": {
        "version": "v4.3.4"
    },
    "symfony/security-guard": {
        "version": "v4.3.4"
    },
    "symfony/security-http": {
        "version": "v4.3.4"
    },
    "symfony/serializer": {
        "version": "v4.3.4"
    },
    "symfony/service-contracts": {
        "version": "v1.1.6"
    },
    "symfony/stopwatch": {
        "version": "v4.3.4"
    },
    "symfony/swiftmailer-bundle": {
        "version": "2.5",
        "recipe": {
            "repo": "github.com/symfony/recipes",
            "branch": "master",
            "version": "2.5",
            "ref": "429afc6c6778a1fdddb52a4f708cd94ff2c9960f"
        },
        "files": [
            "config/packages/dev/swiftmailer.yaml",
            "config/packages/swiftmailer.yaml",
            "config/packages/test/swiftmailer.yaml"
        ]
    },
    "symfony/templating": {
        "version": "v4.3.4"
    },
    "symfony/translation": {
        "version": "3.3",
        "recipe": {
            "repo": "github.com/symfony/recipes",
            "branch": "master",
            "version": "3.3",
            "ref": "2ad9d2545bce8ca1a863e50e92141f0b9d87ffcd"
        },
        "files": [
            "config/packages/translation.yaml",
            "translations/.gitignore"
        ]
    },
    "symfony/translation-contracts": {
        "version": "v1.1.6"
    },
    "symfony/twig-bridge": {
        "version": "v4.3.4"
    },
    "symfony/twig-bundle": {
        "version": "3.3",
        "recipe": {
            "repo": "github.com/symfony/recipes",
            "branch": "master",
            "version": "3.3",
            "ref": "369b5b29dc52b2c190002825ae7ec24ab6f962dd"
        },
        "files": [
            "config/packages/twig.yaml",
            "config/routes/dev/twig.yaml",
            "templates/base.html.twig"
        ]
    },
    "symfony/validator": {
        "version": "4.3",
        "recipe": {
            "repo": "github.com/symfony/recipes",
            "branch": "master",
            "version": "4.3",
            "ref": "d902da3e4952f18d3bf05aab29512eb61cabd869"
        },
        "files": [
            "config/packages/test/validator.yaml",
            "config/packages/validator.yaml"
        ]
    },
    "symfony/var-dumper": {
        "version": "v4.3.4"
    },
    "symfony/var-exporter": {
        "version": "v4.3.4"
    },
    "symfony/web-profiler-bundle": {
        "version": "3.3",
        "recipe": {
            "repo": "github.com/symfony/recipes",
            "branch": "master",
            "version": "3.3",
            "ref": "6bdfa1a95f6b2e677ab985cd1af2eae35d62e0f6"
        },
        "files": [
            "config/packages/dev/web_profiler.yaml",
            "config/packages/test/web_profiler.yaml",
            "config/routes/dev/web_profiler.yaml"
        ]
    },
    "symfony/web-server-bundle": {
        "version": "3.3",
        "recipe": {
            "repo": "github.com/symfony/recipes",
            "branch": "master",
            "version": "3.3",
            "ref": "dae9b39fd6717970be7601101ce5aa960bf53d9a"
        }
    },
    "symfony/yaml": {
        "version": "v4.3.4"
    },
    "theseer/tokenizer": {
        "version": "1.1.3"
    },
    "twig/extensions": {
        "version": "1.0",
        "recipe": {
            "repo": "github.com/symfony/recipes",
            "branch": "master",
            "version": "1.0",
            "ref": "a86723ee8d8b2f9437c8ce60a5546a1c267da5ed"
        },
        "files": [
            "config/packages/twig_extensions.yaml"
        ]
    },
    "twig/twig": {
        "version": "v1.42.2"
    },
    "webmozart/assert": {
        "version": "1.3.0"
    },
    "willdurand/jsonp-callback-validator": {
        "version": "v1.1.0"
    },
    "willdurand/negotiation": {
        "version": "v2.3.1"
    },
    "zendframework/zend-code": {
        "version": "3.3.2"
    },
    "zendframework/zend-eventmanager": {
        "version": "3.2.1"
    }
}
