dependencies:
- name: mysql
  repository: https://kubernetes-charts.storage.googleapis.com
  version: 1.4.0
- name: elasticsearch
  repository: https://kubernetes-charts.storage.googleapis.com
  version: 1.32.0
- name: memcached
  repository: https://kubernetes-charts.storage.googleapis.com
  version: 2.6.0
digest: sha256:51d3451f42a7c836c433f2335bc2b6e3587488a9df56ff6b5281b85634b23b0f
generated: 2019-10-23T15:31:39.300080638+02:00
