dependencies:
- name: mysql
  repository: gs://akeneo-charts/
  version: 1.1.2
- name: elasticsearch
  repository: https://kubernetes-charts.storage.googleapis.com
  version: 1.19.1
- name: nfs-server-provisioner
  repository: https://kubernetes-charts.storage.googleapis.com
  version: 0.2.1
digest: sha256:be1490138c10906050f9663457089410363fe5f3cb95decaef2a2210ffcf04c5
generated: 2019-02-12T09:57:22.527258444+01:00
