dependencies:
- name: mysql
  repository: gs://akeneo-charts/
  version: 1.1.8
- name: elasticsearch
  repository: https://kubernetes-charts.storage.googleapis.com
  version: 1.32.4
- name: memcached
  repository: https://kubernetes-charts.storage.googleapis.com
  version: 2.6.0
digest: sha256:8a5f259782ad15eb2bc91b9adcbfd67f7377feae9282d041cf8bd5c1c5080c3f
generated: "2020-03-10T18:34:45.81086407+01:00"
